// !$*UTF8*$!
{
	archiveVersion = 1;
	classes = {
	};
	objectVersion = 46;
	objects = {

/* Begin PBXBuildFile section */
		E405514E1E7FBC4600B710DC /* main.m in Sources */ = {isa = PBXBuildFile; fileRef = E405514D1E7FBC4600B710DC /* main.m */; };
		E40551511E7FBC4600B710DC /* AppDelegate.m in Sources */ = {isa = PBXBuildFile; fileRef = E40551501E7FBC4600B710DC /* AppDelegate.m */; };
		E40551541E7FBC4600B710DC /* ViewController.m in Sources */ = {isa = PBXBuildFile; fileRef = E40551531E7FBC4600B710DC /* ViewController.m */; };
		E40551571E7FBC4600B710DC /* Main.storyboard in Resources */ = {isa = PBXBuildFile; fileRef = E40551551E7FBC4600B710DC /* Main.storyboard */; };
		E40551591E7FBC4600B710DC /* Assets.xcassets in Resources */ = {isa = PBXBuildFile; fileRef = E40551581E7FBC4600B710DC /* Assets.xcassets */; };
		E405515C1E7FBC4600B710DC /* LaunchScreen.storyboard in Resources */ = {isa = PBXBuildFile; fileRef = E405515A1E7FBC4600B710DC /* LaunchScreen.storyboard */; };
		E40551641E7FBCAA00B710DC /* index.html in Resources */ = {isa = PBXBuildFile; fileRef = E40551631E7FBCAA00B710DC /* index.html */; };
/* End PBXBuildFile section */

/* Begin PBXFileReference section */
		E40551491E7FBC4600B710DC /* JSandOC.app */ = {isa = PBXFileReference; explicitFileType = wrapper.application; includeInIndex = 0; path = JSandOC.app; sourceTree = BUILT_PRODUCTS_DIR; };
		E405514D1E7FBC4600B710DC /* main.m */ = {isa = PBXFileReference; lastKnownFileType = sourcecode.c.objc; path = main.m; sourceTree = "<group>"; };
		E405514F1E7FBC4600B710DC /* AppDelegate.h */ = {isa = PBXFileReference; lastKnownFileType = sourcecode.c.h; path = AppDelegate.h; sourceTree = "<group>"; };
		E40551501E7FBC4600B710DC /* AppDelegate.m */ = {isa = PBXFileReference; lastKnownFileType = sourcecode.c.objc; path = AppDelegate.m; sourceTree = "<group>"; };
		E40551521E7FBC4600B710DC /* ViewController.h */ = {isa = PBXFileReference; lastKnownFileType = sourcecode.c.h; path = ViewController.h; sourceTree = "<group>"; };
		E40551531E7FBC4600B710DC /* ViewController.m */ = {isa = PBXFileReference; lastKnownFileType = sourcecode.c.objc; path = ViewController.m; sourceTree = "<group>"; };
		E40551561E7FBC4600B710DC /* Base */ = {isa = PBXFileReference; lastKnownFileType = file.storyboard; name = Base; path = Base.lproj/Main.storyboard; sourceTree = "<group>"; };
		E40551581E7FBC4600B710DC /* Assets.xcassets */ = {isa = PBXFileReference; lastKnownFileType = folder.assetcatalog; path = Assets.xcassets; sourceTree = "<group>"; };
		E405515B1E7FBC4600B710DC /* Base */ = {isa = PBXFileReference; lastKnownFileType = file.storyboard; name = Base; path = Base.lproj/LaunchScreen.storyboard; sourceTree = "<group>"; };
		E405515D1E7FBC4600B710DC /* Info.plist */ = {isa = PBXFileReference; lastKnownFileType = text.plist.xml; path = Info.plist; sourceTree = "<group>"; };
		E40551631E7FBCAA00B710DC /* index.html */ = {isa = PBXFileReference; fileEncoding = 4; lastKnownFileType = text.html; path = index.html; sourceTree = "<group>"; };
/* End PBXFileReference section */

/* Begin PBXFrameworksBuildPhase section */
		E40551461E7FBC4600B710DC /* Frameworks */ = {
			isa = PBXFrameworksBuildPhase;
			buildActionMask = 2147483647;
			files = (
			);
			runOnlyForDeploymentPostprocessing = 0;
		};
/* End PBXFrameworksBuildPhase section */

/* Begin PBXGroup section */
		E40551401E7FBC4600B710DC = {
			isa = PBXGroup;
			children = (
				E405514B1E7FBC4600B710DC /* JSandOC */,
				E405514A1E7FBC4600B710DC /* Products */,
			);
			sourceTree = "<group>";
		};
		E405514A1E7FBC4600B710DC /* Products */ = {
			isa = PBXGroup;
			children = (
				E40551491E7FBC4600B710DC /* JSandOC.app */,
			);
			name = Products;
			sourceTree = "<group>";
		};
		E405514B1E7FBC4600B710DC /* JSandOC */ = {
			isa = PBXGroup;
			children = (
				E405514F1E7FBC4600B710DC /* AppDelegate.h */,
				E40551501E7FBC4600B710DC /* AppDelegate.m */,
				E40551521E7FBC4600B710DC /* ViewController.h */,
				E40551531E7FBC4600B710DC /* ViewController.m */,
				E40551551E7FBC4600B710DC /* Main.storyboard */,
				E40551581E7FBC4600B710DC /* Assets.xcassets */,
				E405515A1E7FBC4600B710DC /* LaunchScreen.storyboard */,
				E405515D1E7FBC4600B710DC /* Info.plist */,
				E40551631E7FBCAA00B710DC /* index.html */,
				E405514C1E7FBC4600B710DC /* Supporting Files */,
			);
			path = JSandOC;
			sourceTree = "<group>";
		};
		E405514C1E7FBC4600B710DC /* Supporting Files */ = {
			isa = PBXGroup;
			children = (
				E405514D1E7FBC4600B710DC /* main.m */,
			);
			name = "Supporting Files";
			sourceTree = "<group>";
		};
/* End PBXGroup section */

/* Begin PBXNativeTarget section */
		E40551481E7FBC4600B710DC /* JSandOC */ = {
			isa = PBXNativeTarget;
			buildConfigurationList = E40551601E7FBC4600B710DC /* Build configuration list for PBXNativeTarget "JSandOC" */;
			buildPhases = (
				E40551451E7FBC4600B710DC /* Sources */,
				E40551461E7FBC4600B710DC /* Frameworks */,
				E40551471E7FBC4600B710DC /* Resources */,
			);
			buildRules = (
			);
			dependencies = (
			);
			name = JSandOC;
			productName = JSandOC;
			productReference = E40551491E7FBC4600B710DC /* JSandOC.app */;
			productType = "com.apple.product-type.application";
		};
/* End PBXNativeTarget section */

/* Begin PBXProject section */
		E40551411E7FBC4600B710DC /* Project object */ = {
			isa = PBXProject;
			attributes = {
				LastUpgradeCheck = 0820;
				ORGANIZATIONNAME = songge;
				TargetAttributes = {
					E40551481E7FBC4600B710DC = {
						CreatedOnToolsVersion = 8.2.1;
						ProvisioningStyle = Automatic;
					};
				};
			};
			buildConfigurationList = E40551441E7FBC4600B710DC /* Build configuration list for PBXProject "JSandOC" */;
			compatibilityVersion = "Xcode 3.2";
			developmentRegion = English;
			hasScannedForEncodings = 0;
			knownRegions = (
				en,
				Base,
			);
			mainGroup = E40551401E7FBC4600B710DC;
			productRefGroup = E405514A1E7FBC4600B710DC /* Products */;
			projectDirPath = "";
			projectRoot = "";
			targets = (
				E40551481E7FBC4600B710DC /* JSandOC */,
			);
		};
/* End PBXProject section */

/* Begin PBXResourcesBuildPhase section */
		E40551471E7FBC4600B710DC /* Resources */ = {
			isa = PBXResourcesBuildPhase;
			buildActionMask = 2147483647;
			files = (
				E405515C1E7FBC4600B710DC /* LaunchScreen.storyboard in Resources */,
				E40551641E7FBCAA00B710DC /* index.html in Resources */,
				E40551591E7FBC4600B710DC /* Assets.xcassets in Resources */,
				E40551571E7FBC4600B710DC /* Main.storyboard in Resources */,
			);
			runOnlyForDeploymentPostprocessing = 0;
		};
/* End PBXResourcesBuildPhase section */

/* Begin PBXSourcesBuildPhase section */
		E40551451E7FBC4600B710DC /* Sources */ = {
			isa = PBXSourcesBuildPhase;
			buildActionMask = 2147483647;
			files = (
				E40551541E7FBC4600B710DC /* ViewController.m in Sources */,
				E40551511E7FBC4600B710DC /* AppDelegate.m in Sources */,
				E405514E1E7FBC4600B710DC /* main.m in Sources */,
			);
			runOnlyForDeploymentPostprocessing = 0;
		};
/* End PBXSourcesBuildPhase section */

/* Begin PBXVariantGroup section */
		E40551551E7FBC4600B710DC /* Main.storyboard */ = {
			isa = PBXVariantGroup;
			children = (
				E40551561E7FBC4600B710DC /* Base */,
			);
			name = Main.storyboard;
			sourceTree = "<group>";
		};
		E405515A1E7FBC4600B710DC /* LaunchScreen.storyboard */ = {
			isa = PBXVariantGroup;
			children = (
				E405515B1E7FBC4600B710DC /* Base */,
			);
			name = LaunchScreen.storyboard;
			sourceTree = "<group>";
		};
/* End PBXVariantGroup section */

/* Begin XCBuildConfiguration section */
		E405515E1E7FBC4600B710DC /* Debug */ = {
			isa = XCBuildConfiguration;
			buildSettings = {
				ALWAYS_SEARCH_USER_PATHS = NO;
				CLANG_ANALYZER_NONNULL = YES;
				CLANG_CXX_LANGUAGE_STANDARD = "gnu++0x";
				CLANG_CXX_LIBRARY = "libc++";
				CLANG_ENABLE_MODULES = YES;
				CLANG_ENABLE_OBJC_ARC = YES;
				CLANG_WARN_BOOL_CONVERSION = YES;
				CLANG_WARN_CONSTANT_CONVERSION = YES;
				CLANG_WARN_DIRECT_OBJC_ISA_USAGE = YES_ERROR;
				CLANG_WARN_DOCUMENTATION_COMMENTS = YES;
				CLANG_WARN_EMPTY_BODY = YES;
				CLANG_WARN_ENUM_CONVERSION = YES;
				CLANG_WARN_INFINITE_RECURSION = YES;
				CLANG_WARN_INT_CONVERSION = YES;
				CLANG_WARN_OBJC_ROOT_CLASS = YES_ERROR;
				CLANG_WARN_SUSPICIOUS_MOVE = YES;
				CLANG_WARN_UNREACHABLE_CODE = YES;
				CLANG_WARN__DUPLICATE_METHOD_MATCH = YES;
				"CODE_SIGN_IDENTITY[sdk=iphoneos*]" = "iPhone Developer";
				COPY_PHASE_STRIP = NO;
				DEBUG_INFORMATION_FORMAT = dwarf;
				ENABLE_STRICT_OBJC_MSGSEND = YES;
				ENABLE_TESTABILITY = YES;
				GCC_C_LANGUAGE_STANDARD = gnu99;
				GCC_DYNAMIC_NO_PIC = NO;
				GCC_NO_COMMON_BLOCKS = YES;
				GCC_OPTIMIZATION_LEVEL = 0;
				GCC_PREPROCESSOR_DEFINITIONS = (
					"DEBUG=1",
					"$(inherited)",
				);
				GCC_WARN_64_TO_32_BIT_CONVERSION = YES;
				GCC_WARN_ABOUT_RETURN_TYPE = YES_ERROR;
				GCC_WARN_UNDECLARED_SELECTOR = YES;
				GCC_WARN_UNINITIALIZED_AUTOS = YES_AGGRESSIVE;
				GCC_WARN_UNUSED_FUNCTION = YES;
				GCC_WARN_UNUSED_VARIABLE = YES;
				IPHONEOS_DEPLOYMENT_TARGET = 10.2;
				MTL_ENABLE_DEBUG_INFO = YES;
				ONLY_ACTIVE_ARCH = YES;
				SDKROOT = iphoneos;
			};
			name = Debug;
		};
		E405515F1E7FBC4600B710DC /* Release */ = {
			isa = XCBuildConfiguration;
			buildSettings = {
				ALWAYS_SEARCH_USER_PATHS = NO;
				CLANG_ANALYZER_NONNULL = YES;
				CLANG_CXX_LANGUAGE_STANDARD = "gnu++0x";
				CLANG_CXX_LIBRARY = "libc++";
				CLANG_ENABLE_MODULES = YES;
				CLANG_ENABLE_OBJC_ARC = YES;
				CLANG_WARN_BOOL_CONVERSION = YES;
				CLANG_WARN_CONSTANT_CONVERSION = YES;
				CLANG_WARN_DIRECT_OBJC_ISA_USAGE = YES_ERROR;
				CLANG_WARN_DOCUMENTATION_COMMENTS = YES;
				CLANG_WARN_EMPTY_BODY = YES;
				CLANG_WARN_ENUM_CONVERSION = YES;
				CLANG_WARN_INFINITE_RECURSION = YES;
				CLANG_WARN_INT_CONVERSION = YES;
				CLANG_WARN_OBJC_ROOT_CLASS = YES_ERROR;
				CLANG_WARN_SUSPICIOUS_MOVE = YES;
				CLANG_WARN_UNREACHABLE_CODE = YES;
				CLANG_WARN__DUPLICATE_METHOD_MATCH = YES;
				"CODE_SIGN_IDENTITY[sdk=iphoneos*]" = "iPhone Developer";
				COPY_PHASE_STRIP = NO;
				DEBUG_INFORMATION_FORMAT = "dwarf-with-dsym";
				ENABLE_NS_ASSERTIONS = NO;
				ENABLE_STRICT_OBJC_MSGSEND = YES;
				GCC_C_LANGUAGE_STANDARD = gnu99;
				GCC_NO_COMMON_BLOCKS = YES;
				GCC_WARN_64_TO_32_BIT_CONVERSION = YES;
				GCC_WARN_ABOUT_RETURN_TYPE = YES_ERROR;
				GCC_WARN_UNDECLARED_SELECTOR = YES;
				GCC_WARN_UNINITIALIZED_AUTOS = YES_AGGRESSIVE;
				GCC_WARN_UNUSED_FUNCTION = YES;
				GCC_WARN_UNUSED_VARIABLE = YES;
				IPHONEOS_DEPLOYMENT_TARGET = 10.2;
				MTL_ENABLE_DEBUG_INFO = NO;
				SDKROOT = iphoneos;
				VALIDATE_PRODUCT = YES;
			};
			name = Release;
		};
		E40551611E7FBC4600B710DC /* Debug */ = {
			isa = XCBuildConfiguration;
			buildSettings = {
				ASSETCATALOG_COMPILER_APPICON_NAME = AppIcon;
				INFOPLIST_FILE = JSandOC/Info.plist;
				LD_RUNPATH_SEARCH_PATHS = "$(inherited) @executable_path/Frameworks";
				PRODUCT_BUNDLE_IDENTIFIER = com.song.JSandOC;
				PRODUCT_NAME = "$(TARGET_NAME)";
			};
			name = Debug;
		};
		E40551621E7FBC4600B710DC /* Release */ = {
			isa = XCBuildConfiguration;
			buildSettings = {
				ASSETCATALOG_COMPILER_APPICON_NAME = AppIcon;
				INFOPLIST_FILE = JSandOC/Info.plist;
				LD_RUNPATH_SEARCH_PATHS = "$(inherited) @executable_path/Frameworks";
				PRODUCT_BUNDLE_IDENTIFIER = com.song.JSandOC;
				PRODUCT_NAME = "$(TARGET_NAME)";
			};
			name = Release;
		};
/* End XCBuildConfiguration section */

/* Begin XCConfigurationList section */
		E40551441E7FBC4600B710DC /* Build configuration list for PBXProject "JSandOC" */ = {
			isa = XCConfigurationList;
			buildConfigurations = (
				E405515E1E7FBC4600B710DC /* Debug */,
				E405515F1E7FBC4600B710DC /* Release */,
			);
			defaultConfigurationIsVisible = 0;
			defaultConfigurationName = Release;
		};
		E40551601E7FBC4600B710DC /* Build configuration list for PBXNativeTarget "JSandOC" */ = {
			isa = XCConfigurationList;
			buildConfigurations = (
				E40551611E7FBC4600B710DC /* Debug */,
				E40551621E7FBC4600B710DC /* Release */,
			);
			defaultConfigurationIsVisible = 0;
		};
/* End XCConfigurationList section */
	};
	rootObject = E40551411E7FBC4600B710DC /* Project object */;
}
